
Microsoft Visual Studio Solution File, Format Version 12.00
# Visual Studio Version 16
VisualStudioVersion = 16.0.30804.86
MinimumVisualStudioVersion = 10.0.40219.1
Project("{FAE04EC0-301F-11D3-BF4B-00C04F79EFBC}") = "PingMonitor", "PingMonitor.csproj", "{37B39FC3-577A-4875-9D80-2AD1EB2B3EB4}"
EndProject
Global
	GlobalSection(SolutionConfigurationPlatforms) = preSolution
		Debug|x86 = Debug|x86
		Release|x86 = Release|x86
	EndGlobalSection
	GlobalSection(ProjectConfigurationPlatforms) = postSolution
		{37B39FC3-577A-4875-9D80-2AD1EB2B3EB4}.Debug|x86.ActiveCfg = Debug|x86
		{37B39FC3-577A-4875-9D80-2AD1EB2B3EB4}.Debug|x86.Build.0 = Debug|x86
		{37B39FC3-577A-4875-9D80-2AD1EB2B3EB4}.Release|x86.ActiveCfg = Release|x86
		{37B39FC3-577A-4875-9D80-2AD1EB2B3EB4}.Release|x86.Build.0 = Release|x86
	EndGlobalSection
	GlobalSection(SolutionProperties) = preSolution
		HideSolutionNode = FALSE
	EndGlobalSection
	GlobalSection(ExtensibilityGlobals) = postSolution
		SolutionGuid = {5A3A6BA4-6BBF-474C-951A-76C0C7895292}
	EndGlobalSection
EndGlobal
